
Microsoft Visual Studio Solution File, Format Version 12.00
# Visual Studio Version 16
VisualStudioVersion = 16.0.30320.27
MinimumVisualStudioVersion = 10.0.40219.1
Project("{9A19103F-16F7-4668-BE54-9A1E7A4F7556}") = "Maze.Console", "Maze.Console\Maze.Console.csproj", "{AB810CA8-DFE9-43FA-932F-8D9C76EBB7A8}"
EndProject
Project("{FAE04EC0-301F-11D3-BF4B-00C04F79EFBC}") = "Maze.Core", "Maze.Core\Maze.Core.csproj", "{F04B4DC3-F910-4AB7-8EC0-EF2FA8648D08}"
EndProject
Project("{FAE04EC0-301F-11D3-BF4B-00C04F79EFBC}") = "Maze.Tests", "Maze.Tests\Maze.Tests.csproj", "{6AC188B5-4DE9-4B12-8B89-DEC077D2BD70}"
EndProject
Global
	GlobalSection(SolutionConfigurationPlatforms) = preSolution
		Debug|Any CPU = Debug|Any CPU
		Release|Any CPU = Release|Any CPU
	EndGlobalSection
	GlobalSection(ProjectConfigurationPlatforms) = postSolution
		{AB810CA8-DFE9-43FA-932F-8D9C76EBB7A8}.Debug|Any CPU.ActiveCfg = Debug|Any CPU
		{AB810CA8-DFE9-43FA-932F-8D9C76EBB7A8}.Debug|Any CPU.Build.0 = Debug|Any CPU
		{AB810CA8-DFE9-43FA-932F-8D9C76EBB7A8}.Release|Any CPU.ActiveCfg = Release|Any CPU
		{AB810CA8-DFE9-43FA-932F-8D9C76EBB7A8}.Release|Any CPU.Build.0 = Release|Any CPU
		{F04B4DC3-F910-4AB7-8EC0-EF2FA8648D08}.Debug|Any CPU.ActiveCfg = Debug|Any CPU
		{F04B4DC3-F910-4AB7-8EC0-EF2FA8648D08}.Debug|Any CPU.Build.0 = Debug|Any CPU
		{F04B4DC3-F910-4AB7-8EC0-EF2FA8648D08}.Release|Any CPU.ActiveCfg = Release|Any CPU
		{F04B4DC3-F910-4AB7-8EC0-EF2FA8648D08}.Release|Any CPU.Build.0 = Release|Any CPU
		{6AC188B5-4DE9-4B12-8B89-DEC077D2BD70}.Debug|Any CPU.ActiveCfg = Debug|Any CPU
		{6AC188B5-4DE9-4B12-8B89-DEC077D2BD70}.Debug|Any CPU.Build.0 = Debug|Any CPU
		{6AC188B5-4DE9-4B12-8B89-DEC077D2BD70}.Release|Any CPU.ActiveCfg = Release|Any CPU
		{6AC188B5-4DE9-4B12-8B89-DEC077D2BD70}.Release|Any CPU.Build.0 = Release|Any CPU
	EndGlobalSection
	GlobalSection(SolutionProperties) = preSolution
		HideSolutionNode = FALSE
	EndGlobalSection
	GlobalSection(ExtensibilityGlobals) = postSolution
		SolutionGuid = {BB85CE4C-C9A5-4288-B2C7-31D4BDF13B87}
	EndGlobalSection
EndGlobal
